// !$*UTF8*$!
{
	archiveVersion = 1;
	classes = {
	};
	objectVersion = 50;
	objects = {

/* Begin PBXBuildFile section */
		3AA2B66C231EEDC600C5ACE3 /* AppDelegate.swift in Sources */ = {isa = PBXBuildFile; fileRef = 3AA2B66B231EEDC600C5ACE3 /* AppDelegate.swift */; };
		3AA2B66E231EEDC600C5ACE3 /* ViewController.swift in Sources */ = {isa = PBXBuildFile; fileRef = 3AA2B66D231EEDC600C5ACE3 /* ViewController.swift */; };
		3AA2B671231EEDC600C5ACE3 /* Main.storyboard in Resources */ = {isa = PBXBuildFile; fileRef = 3AA2B66F231EEDC600C5ACE3 /* Main.storyboard */; };
		3AA2B673231EEDC700C5ACE3 /* Assets.xcassets in Resources */ = {isa = PBXBuildFile; fileRef = 3AA2B672231EEDC700C5ACE3 /* Assets.xcassets */; };
		3AA2B676231EEDC700C5ACE3 /* LaunchScreen.storyboard in Resources */ = {isa = PBXBuildFile; fileRef = 3AA2B674231EEDC700C5ACE3 /* LaunchScreen.storyboard */; };
		3AA2B681231EEDC700C5ACE3 /* ConcurrencyLabTests.swift in Sources */ = {isa = PBXBuildFile; fileRef = 3AA2B680231EEDC700C5ACE3 /* ConcurrencyLabTests.swift */; };
		3AA2B68C231EEDC700C5ACE3 /* ConcurrencyLabUITests.swift in Sources */ = {isa = PBXBuildFile; fileRef = 3AA2B68B231EEDC700C5ACE3 /* ConcurrencyLabUITests.swift */; };
		3AA2B69A231EEEB800C5ACE3 /* countries.json in Resources */ = {isa = PBXBuildFile; fileRef = 3AA2B699231EEEB800C5ACE3 /* countries.json */; };
		3AA2B69C231EEED600C5ACE3 /* CountryModel.swift in Sources */ = {isa = PBXBuildFile; fileRef = 3AA2B69B231EEED600C5ACE3 /* CountryModel.swift */; };
		3AA2B69E231EF15200C5ACE3 /* CustomCountryCell.swift in Sources */ = {isa = PBXBuildFile; fileRef = 3AA2B69D231EF15200C5ACE3 /* CustomCountryCell.swift */; };
		3AA2B6A0231F229200C5ACE3 /* CountryDetailVC.swift in Sources */ = {isa = PBXBuildFile; fileRef = 3AA2B69F231F229200C5ACE3 /* CountryDetailVC.swift */; };
		3AA2B6A4231F27D500C5ACE3 /* currency.json in Resources */ = {isa = PBXBuildFile; fileRef = 3AA2B6A3231F27D400C5ACE3 /* currency.json */; };
		3AA2B6A6231F281B00C5ACE3 /* CurrencyModel.swift in Sources */ = {isa = PBXBuildFile; fileRef = 3AA2B6A5231F281B00C5ACE3 /* CurrencyModel.swift */; };
/* End PBXBuildFile section */

/* Begin PBXContainerItemProxy section */
		3AA2B67D231EEDC700C5ACE3 /* PBXContainerItemProxy */ = {
			isa = PBXContainerItemProxy;
			containerPortal = 3AA2B660231EEDC600C5ACE3 /* Project object */;
			proxyType = 1;
			remoteGlobalIDString = 3AA2B667231EEDC600C5ACE3;
			remoteInfo = ConcurrencyLab;
		};
		3AA2B688231EEDC700C5ACE3 /* PBXContainerItemProxy */ = {
			isa = PBXContainerItemProxy;
			containerPortal = 3AA2B660231EEDC600C5ACE3 /* Project object */;
			proxyType = 1;
			remoteGlobalIDString = 3AA2B667231EEDC600C5ACE3;
			remoteInfo = ConcurrencyLab;
		};
/* End PBXContainerItemProxy section */

/* Begin PBXFileReference section */
		3AA2B668231EEDC600C5ACE3 /* ConcurrencyLab.app */ = {isa = PBXFileReference; explicitFileType = wrapper.application; includeInIndex = 0; path = ConcurrencyLab.app; sourceTree = BUILT_PRODUCTS_DIR; };
		3AA2B66B231EEDC600C5ACE3 /* AppDelegate.swift */ = {isa = PBXFileReference; lastKnownFileType = sourcecode.swift; path = AppDelegate.swift; sourceTree = "<group>"; };
		3AA2B66D231EEDC600C5ACE3 /* ViewController.swift */ = {isa = PBXFileReference; lastKnownFileType = sourcecode.swift; path = ViewController.swift; sourceTree = "<group>"; };
		3AA2B670231EEDC600C5ACE3 /* Base */ = {isa = PBXFileReference; lastKnownFileType = file.storyboard; name = Base; path = Base.lproj/Main.storyboard; sourceTree = "<group>"; };
		3AA2B672231EEDC700C5ACE3 /* Assets.xcassets */ = {isa = PBXFileReference; lastKnownFileType = folder.assetcatalog; path = Assets.xcassets; sourceTree = "<group>"; };
		3AA2B675231EEDC700C5ACE3 /* Base */ = {isa = PBXFileReference; lastKnownFileType = file.storyboard; name = Base; path = Base.lproj/LaunchScreen.storyboard; sourceTree = "<group>"; };
		3AA2B677231EEDC700C5ACE3 /* Info.plist */ = {isa = PBXFileReference; lastKnownFileType = text.plist.xml; path = Info.plist; sourceTree = "<group>"; };
		3AA2B67C231EEDC700C5ACE3 /* ConcurrencyLabTests.xctest */ = {isa = PBXFileReference; explicitFileType = wrapper.cfbundle; includeInIndex = 0; path = ConcurrencyLabTests.xctest; sourceTree = BUILT_PRODUCTS_DIR; };
		3AA2B680231EEDC700C5ACE3 /* ConcurrencyLabTests.swift */ = {isa = PBXFileReference; lastKnownFileType = sourcecode.swift; path = ConcurrencyLabTests.swift; sourceTree = "<group>"; };
		3AA2B682231EEDC700C5ACE3 /* Info.plist */ = {isa = PBXFileReference; lastKnownFileType = text.plist.xml; path = Info.plist; sourceTree = "<group>"; };
		3AA2B687231EEDC700C5ACE3 /* ConcurrencyLabUITests.xctest */ = {isa = PBXFileReference; explicitFileType = wrapper.cfbundle; includeInIndex = 0; path = ConcurrencyLabUITests.xctest; sourceTree = BUILT_PRODUCTS_DIR; };
		3AA2B68B231EEDC700C5ACE3 /* ConcurrencyLabUITests.swift */ = {isa = PBXFileReference; lastKnownFileType = sourcecode.swift; path = ConcurrencyLabUITests.swift; sourceTree = "<group>"; };
		3AA2B68D231EEDC700C5ACE3 /* Info.plist */ = {isa = PBXFileReference; lastKnownFileType = text.plist.xml; path = Info.plist; sourceTree = "<group>"; };
		3AA2B699231EEEB800C5ACE3 /* countries.json */ = {isa = PBXFileReference; fileEncoding = 4; lastKnownFileType = text.json; name = countries.json; path = ../../countries.json; sourceTree = "<group>"; };
		3AA2B69B231EEED600C5ACE3 /* CountryModel.swift */ = {isa = PBXFileReference; lastKnownFileType = sourcecode.swift; path = CountryModel.swift; sourceTree = "<group>"; };
		3AA2B69D231EF15200C5ACE3 /* CustomCountryCell.swift */ = {isa = PBXFileReference; lastKnownFileType = sourcecode.swift; path = CustomCountryCell.swift; sourceTree = "<group>"; };
		3AA2B69F231F229200C5ACE3 /* CountryDetailVC.swift */ = {isa = PBXFileReference; lastKnownFileType = sourcecode.swift; path = CountryDetailVC.swift; sourceTree = "<group>"; };
		3AA2B6A3231F27D400C5ACE3 /* currency.json */ = {isa = PBXFileReference; fileEncoding = 4; lastKnownFileType = text.json; name = currency.json; path = ../../currency.json; sourceTree = "<group>"; };
		3AA2B6A5231F281B00C5ACE3 /* CurrencyModel.swift */ = {isa = PBXFileReference; lastKnownFileType = sourcecode.swift; path = CurrencyModel.swift; sourceTree = "<group>"; };
/* End PBXFileReference section */

/* Begin PBXFrameworksBuildPhase section */
		3AA2B665231EEDC600C5ACE3 /* Frameworks */ = {
			isa = PBXFrameworksBuildPhase;
			buildActionMask = 2147483647;
			files = (
			);
			runOnlyForDeploymentPostprocessing = 0;
		};
		3AA2B679231EEDC700C5ACE3 /* Frameworks */ = {
			isa = PBXFrameworksBuildPhase;
			buildActionMask = 2147483647;
			files = (
			);
			runOnlyForDeploymentPostprocessing = 0;
		};
		3AA2B684231EEDC700C5ACE3 /* Frameworks */ = {
			isa = PBXFrameworksBuildPhase;
			buildActionMask = 2147483647;
			files = (
			);
			runOnlyForDeploymentPostprocessing = 0;
		};
/* End PBXFrameworksBuildPhase section */

/* Begin PBXGroup section */
		3AA2B65F231EEDC600C5ACE3 = {
			isa = PBXGroup;
			children = (
				3AA2B66A231EEDC600C5ACE3 /* ConcurrencyLab */,
				3AA2B67F231EEDC700C5ACE3 /* ConcurrencyLabTests */,
				3AA2B68A231EEDC700C5ACE3 /* ConcurrencyLabUITests */,
				3AA2B669231EEDC600C5ACE3 /* Products */,
			);
			sourceTree = "<group>";
		};
		3AA2B669231EEDC600C5ACE3 /* Products */ = {
			isa = PBXGroup;
			children = (
				3AA2B668231EEDC600C5ACE3 /* ConcurrencyLab.app */,
				3AA2B67C231EEDC700C5ACE3 /* ConcurrencyLabTests.xctest */,
				3AA2B687231EEDC700C5ACE3 /* ConcurrencyLabUITests.xctest */,
			);
			name = Products;
			sourceTree = "<group>";
		};
		3AA2B66A231EEDC600C5ACE3 /* ConcurrencyLab */ = {
			isa = PBXGroup;
			children = (
				3AA2B66B231EEDC600C5ACE3 /* AppDelegate.swift */,
				3AA2B6A3231F27D400C5ACE3 /* currency.json */,
				3AA2B699231EEEB800C5ACE3 /* countries.json */,
				3AA2B69B231EEED600C5ACE3 /* CountryModel.swift */,
				3AA2B69D231EF15200C5ACE3 /* CustomCountryCell.swift */,
				3AA2B69F231F229200C5ACE3 /* CountryDetailVC.swift */,
				3AA2B66D231EEDC600C5ACE3 /* ViewController.swift */,
				3AA2B6A5231F281B00C5ACE3 /* CurrencyModel.swift */,
				3AA2B66F231EEDC600C5ACE3 /* Main.storyboard */,
				3AA2B672231EEDC700C5ACE3 /* Assets.xcassets */,
				3AA2B674231EEDC700C5ACE3 /* LaunchScreen.storyboard */,
				3AA2B677231EEDC700C5ACE3 /* Info.plist */,
			);
			path = ConcurrencyLab;
			sourceTree = "<group>";
		};
		3AA2B67F231EEDC700C5ACE3 /* ConcurrencyLabTests */ = {
			isa = PBXGroup;
			children = (
				3AA2B680231EEDC700C5ACE3 /* ConcurrencyLabTests.swift */,
				3AA2B682231EEDC700C5ACE3 /* Info.plist */,
			);
			path = ConcurrencyLabTests;
			sourceTree = "<group>";
		};
		3AA2B68A231EEDC700C5ACE3 /* ConcurrencyLabUITests */ = {
			isa = PBXGroup;
			children = (
				3AA2B68B231EEDC700C5ACE3 /* ConcurrencyLabUITests.swift */,
				3AA2B68D231EEDC700C5ACE3 /* Info.plist */,
			);
			path = ConcurrencyLabUITests;
			sourceTree = "<group>";
		};
/* End PBXGroup section */

/* Begin PBXNativeTarget section */
		3AA2B667231EEDC600C5ACE3 /* ConcurrencyLab */ = {
			isa = PBXNativeTarget;
			buildConfigurationList = 3AA2B690231EEDC700C5ACE3 /* Build configuration list for PBXNativeTarget "ConcurrencyLab" */;
			buildPhases = (
				3AA2B664231EEDC600C5ACE3 /* Sources */,
				3AA2B665231EEDC600C5ACE3 /* Frameworks */,
				3AA2B666231EEDC600C5ACE3 /* Resources */,
			);
			buildRules = (
			);
			dependencies = (
			);
			name = ConcurrencyLab;
			productName = ConcurrencyLab;
			productReference = 3AA2B668231EEDC600C5ACE3 /* ConcurrencyLab.app */;
			productType = "com.apple.product-type.application";
		};
		3AA2B67B231EEDC700C5ACE3 /* ConcurrencyLabTests */ = {
			isa = PBXNativeTarget;
			buildConfigurationList = 3AA2B693231EEDC700C5ACE3 /* Build configuration list for PBXNativeTarget "ConcurrencyLabTests" */;
			buildPhases = (
				3AA2B678231EEDC700C5ACE3 /* Sources */,
				3AA2B679231EEDC700C5ACE3 /* Frameworks */,
				3AA2B67A231EEDC700C5ACE3 /* Resources */,
			);
			buildRules = (
			);
			dependencies = (
				3AA2B67E231EEDC700C5ACE3 /* PBXTargetDependency */,
			);
			name = ConcurrencyLabTests;
			productName = ConcurrencyLabTests;
			productReference = 3AA2B67C231EEDC700C5ACE3 /* ConcurrencyLabTests.xctest */;
			productType = "com.apple.product-type.bundle.unit-test";
		};
		3AA2B686231EEDC700C5ACE3 /* ConcurrencyLabUITests */ = {
			isa = PBXNativeTarget;
			buildConfigurationList = 3AA2B696231EEDC700C5ACE3 /* Build configuration list for PBXNativeTarget "ConcurrencyLabUITests" */;
			buildPhases = (
				3AA2B683231EEDC700C5ACE3 /* Sources */,
				3AA2B684231EEDC700C5ACE3 /* Frameworks */,
				3AA2B685231EEDC700C5ACE3 /* Resources */,
			);
			buildRules = (
			);
			dependencies = (
				3AA2B689231EEDC700C5ACE3 /* PBXTargetDependency */,
			);
			name = ConcurrencyLabUITests;
			productName = ConcurrencyLabUITests;
			productReference = 3AA2B687231EEDC700C5ACE3 /* ConcurrencyLabUITests.xctest */;
			productType = "com.apple.product-type.bundle.ui-testing";
		};
/* End PBXNativeTarget section */

/* Begin PBXProject section */
		3AA2B660231EEDC600C5ACE3 /* Project object */ = {
			isa = PBXProject;
			attributes = {
				LastSwiftUpdateCheck = 1030;
				LastUpgradeCheck = 1030;
				ORGANIZATIONNAME = "Sam Roman";
				TargetAttributes = {
					3AA2B667231EEDC600C5ACE3 = {
						CreatedOnToolsVersion = 10.3;
					};
					3AA2B67B231EEDC700C5ACE3 = {
						CreatedOnToolsVersion = 10.3;
						TestTargetID = 3AA2B667231EEDC600C5ACE3;
					};
					3AA2B686231EEDC700C5ACE3 = {
						CreatedOnToolsVersion = 10.3;
						TestTargetID = 3AA2B667231EEDC600C5ACE3;
					};
				};
			};
			buildConfigurationList = 3AA2B663231EEDC600C5ACE3 /* Build configuration list for PBXProject "ConcurrencyLab" */;
			compatibilityVersion = "Xcode 9.3";
			developmentRegion = en;
			hasScannedForEncodings = 0;
			knownRegions = (
				en,
				Base,
			);
			mainGroup = 3AA2B65F231EEDC600C5ACE3;
			productRefGroup = 3AA2B669231EEDC600C5ACE3 /* Products */;
			projectDirPath = "";
			projectRoot = "";
			targets = (
				3AA2B667231EEDC600C5ACE3 /* ConcurrencyLab */,
				3AA2B67B231EEDC700C5ACE3 /* ConcurrencyLabTests */,
				3AA2B686231EEDC700C5ACE3 /* ConcurrencyLabUITests */,
			);
		};
/* End PBXProject section */

/* Begin PBXResourcesBuildPhase section */
		3AA2B666231EEDC600C5ACE3 /* Resources */ = {
			isa = PBXResourcesBuildPhase;
			buildActionMask = 2147483647;
			files = (
				3AA2B676231EEDC700C5ACE3 /* LaunchScreen.storyboard in Resources */,
				3AA2B673231EEDC700C5ACE3 /* Assets.xcassets in Resources */,
				3AA2B69A231EEEB800C5ACE3 /* countries.json in Resources */,
				3AA2B671231EEDC600C5ACE3 /* Main.storyboard in Resources */,
				3AA2B6A4231F27D500C5ACE3 /* currency.json in Resources */,
			);
			runOnlyForDeploymentPostprocessing = 0;
		};
		3AA2B67A231EEDC700C5ACE3 /* Resources */ = {
			isa = PBXResourcesBuildPhase;
			buildActionMask = 2147483647;
			files = (
			);
			runOnlyForDeploymentPostprocessing = 0;
		};
		3AA2B685231EEDC700C5ACE3 /* Resources */ = {
			isa = PBXResourcesBuildPhase;
			buildActionMask = 2147483647;
			files = (
			);
			runOnlyForDeploymentPostprocessing = 0;
		};
/* End PBXResourcesBuildPhase section */

/* Begin PBXSourcesBuildPhase section */
		3AA2B664231EEDC600C5ACE3 /* Sources */ = {
			isa = PBXSourcesBuildPhase;
			buildActionMask = 2147483647;
			files = (
				3AA2B66E231EEDC600C5ACE3 /* ViewController.swift in Sources */,
				3AA2B69E231EF15200C5ACE3 /* CustomCountryCell.swift in Sources */,
				3AA2B6A6231F281B00C5ACE3 /* CurrencyModel.swift in Sources */,
				3AA2B66C231EEDC600C5ACE3 /* AppDelegate.swift in Sources */,
				3AA2B6A0231F229200C5ACE3 /* CountryDetailVC.swift in Sources */,
				3AA2B69C231EEED600C5ACE3 /* CountryModel.swift in Sources */,
			);
			runOnlyForDeploymentPostprocessing = 0;
		};
		3AA2B678231EEDC700C5ACE3 /* Sources */ = {
			isa = PBXSourcesBuildPhase;
			buildActionMask = 2147483647;
			files = (
				3AA2B681231EEDC700C5ACE3 /* ConcurrencyLabTests.swift in Sources */,
			);
			runOnlyForDeploymentPostprocessing = 0;
		};
		3AA2B683231EEDC700C5ACE3 /* Sources */ = {
			isa = PBXSourcesBuildPhase;
			buildActionMask = 2147483647;
			files = (
				3AA2B68C231EEDC700C5ACE3 /* ConcurrencyLabUITests.swift in Sources */,
			);
			runOnlyForDeploymentPostprocessing = 0;
		};
/* End PBXSourcesBuildPhase section */

/* Begin PBXTargetDependency section */
		3AA2B67E231EEDC700C5ACE3 /* PBXTargetDependency */ = {
			isa = PBXTargetDependency;
			target = 3AA2B667231EEDC600C5ACE3 /* ConcurrencyLab */;
			targetProxy = 3AA2B67D231EEDC700C5ACE3 /* PBXContainerItemProxy */;
		};
		3AA2B689231EEDC700C5ACE3 /* PBXTargetDependency */ = {
			isa = PBXTargetDependency;
			target = 3AA2B667231EEDC600C5ACE3 /* ConcurrencyLab */;
			targetProxy = 3AA2B688231EEDC700C5ACE3 /* PBXContainerItemProxy */;
		};
/* End PBXTargetDependency section */

/* Begin PBXVariantGroup section */
		3AA2B66F231EEDC600C5ACE3 /* Main.storyboard */ = {
			isa = PBXVariantGroup;
			children = (
				3AA2B670231EEDC600C5ACE3 /* Base */,
			);
			name = Main.storyboard;
			sourceTree = "<group>";
		};
		3AA2B674231EEDC700C5ACE3 /* LaunchScreen.storyboard */ = {
			isa = PBXVariantGroup;
			children = (
				3AA2B675231EEDC700C5ACE3 /* Base */,
			);
			name = LaunchScreen.storyboard;
			sourceTree = "<group>";
		};
/* End PBXVariantGroup section */

/* Begin XCBuildConfiguration section */
		3AA2B68E231EEDC700C5ACE3 /* Debug */ = {
			isa = XCBuildConfiguration;
			buildSettings = {
				ALWAYS_SEARCH_USER_PATHS = NO;
				CLANG_ANALYZER_NONNULL = YES;
				CLANG_ANALYZER_NUMBER_OBJECT_CONVERSION = YES_AGGRESSIVE;
				CLANG_CXX_LANGUAGE_STANDARD = "gnu++14";
				CLANG_CXX_LIBRARY = "libc++";
				CLANG_ENABLE_MODULES = YES;
				CLANG_ENABLE_OBJC_ARC = YES;
				CLANG_ENABLE_OBJC_WEAK = YES;
				CLANG_WARN_BLOCK_CAPTURE_AUTORELEASING = YES;
				CLANG_WARN_BOOL_CONVERSION = YES;
				CLANG_WARN_COMMA = YES;
				CLANG_WARN_CONSTANT_CONVERSION = YES;
				CLANG_WARN_DEPRECATED_OBJC_IMPLEMENTATIONS = YES;
				CLANG_WARN_DIRECT_OBJC_ISA_USAGE = YES_ERROR;
				CLANG_WARN_DOCUMENTATION_COMMENTS = YES;
				CLANG_WARN_EMPTY_BODY = YES;
				CLANG_WARN_ENUM_CONVERSION = YES;
				CLANG_WARN_INFINITE_RECURSION = YES;
				CLANG_WARN_INT_CONVERSION = YES;
				CLANG_WARN_NON_LITERAL_NULL_CONVERSION = YES;
				CLANG_WARN_OBJC_IMPLICIT_RETAIN_SELF = YES;
				CLANG_WARN_OBJC_LITERAL_CONVERSION = YES;
				CLANG_WARN_OBJC_ROOT_CLASS = YES_ERROR;
				CLANG_WARN_RANGE_LOOP_ANALYSIS = YES;
				CLANG_WARN_STRICT_PROTOTYPES = YES;
				CLANG_WARN_SUSPICIOUS_MOVE = YES;
				CLANG_WARN_UNGUARDED_AVAILABILITY = YES_AGGRESSIVE;
				CLANG_WARN_UNREACHABLE_CODE = YES;
				CLANG_WARN__DUPLICATE_METHOD_MATCH = YES;
				CODE_SIGN_IDENTITY = "iPhone Developer";
				COPY_PHASE_STRIP = NO;
				DEBUG_INFORMATION_FORMAT = dwarf;
				ENABLE_STRICT_OBJC_MSGSEND = YES;
				ENABLE_TESTABILITY = YES;
				GCC_C_LANGUAGE_STANDARD = gnu11;
				GCC_DYNAMIC_NO_PIC = NO;
				GCC_NO_COMMON_BLOCKS = YES;
				GCC_OPTIMIZATION_LEVEL = 0;
				GCC_PREPROCESSOR_DEFINITIONS = (
					"DEBUG=1",
					"$(inherited)",
				);
				GCC_WARN_64_TO_32_BIT_CONVERSION = YES;
				GCC_WARN_ABOUT_RETURN_TYPE = YES_ERROR;
				GCC_WARN_UNDECLARED_SELECTOR = YES;
				GCC_WARN_UNINITIALIZED_AUTOS = YES_AGGRESSIVE;
				GCC_WARN_UNUSED_FUNCTION = YES;
				GCC_WARN_UNUSED_VARIABLE = YES;
				IPHONEOS_DEPLOYMENT_TARGET = 12.4;
				MTL_ENABLE_DEBUG_INFO = INCLUDE_SOURCE;
				MTL_FAST_MATH = YES;
				ONLY_ACTIVE_ARCH = YES;
				SDKROOT = iphoneos;
				SWIFT_ACTIVE_COMPILATION_CONDITIONS = DEBUG;
				SWIFT_OPTIMIZATION_LEVEL = "-Onone";
			};
			name = Debug;
		};
		3AA2B68F231EEDC700C5ACE3 /* Release */ = {
			isa = XCBuildConfiguration;
			buildSettings = {
				ALWAYS_SEARCH_USER_PATHS = NO;
				CLANG_ANALYZER_NONNULL = YES;
				CLANG_ANALYZER_NUMBER_OBJECT_CONVERSION = YES_AGGRESSIVE;
				CLANG_CXX_LANGUAGE_STANDARD = "gnu++14";
				CLANG_CXX_LIBRARY = "libc++";
				CLANG_ENABLE_MODULES = YES;
				CLANG_ENABLE_OBJC_ARC = YES;
				CLANG_ENABLE_OBJC_WEAK = YES;
				CLANG_WARN_BLOCK_CAPTURE_AUTORELEASING = YES;
				CLANG_WARN_BOOL_CONVERSION = YES;
				CLANG_WARN_COMMA = YES;
				CLANG_WARN_CONSTANT_CONVERSION = YES;
				CLANG_WARN_DEPRECATED_OBJC_IMPLEMENTATIONS = YES;
				CLANG_WARN_DIRECT_OBJC_ISA_USAGE = YES_ERROR;
				CLANG_WARN_DOCUMENTATION_COMMENTS = YES;
				CLANG_WARN_EMPTY_BODY = YES;
				CLANG_WARN_ENUM_CONVERSION = YES;
				CLANG_WARN_INFINITE_RECURSION = YES;
				CLANG_WARN_INT_CONVERSION = YES;
				CLANG_WARN_NON_LITERAL_NULL_CONVERSION = YES;
				CLANG_WARN_OBJC_IMPLICIT_RETAIN_SELF = YES;
				CLANG_WARN_OBJC_LITERAL_CONVERSION = YES;
				CLANG_WARN_OBJC_ROOT_CLASS = YES_ERROR;
				CLANG_WARN_RANGE_LOOP_ANALYSIS = YES;
				CLANG_WARN_STRICT_PROTOTYPES = YES;
				CLANG_WARN_SUSPICIOUS_MOVE = YES;
				CLANG_WARN_UNGUARDED_AVAILABILITY = YES_AGGRESSIVE;
				CLANG_WARN_UNREACHABLE_CODE = YES;
				CLANG_WARN__DUPLICATE_METHOD_MATCH = YES;
				CODE_SIGN_IDENTITY = "iPhone Developer";
				COPY_PHASE_STRIP = NO;
				DEBUG_INFORMATION_FORMAT = "dwarf-with-dsym";
				ENABLE_NS_ASSERTIONS = NO;
				ENABLE_STRICT_OBJC_MSGSEND = YES;
				GCC_C_LANGUAGE_STANDARD = gnu11;
				GCC_NO_COMMON_BLOCKS = YES;
				GCC_WARN_64_TO_32_BIT_CONVERSION = YES;
				GCC_WARN_ABOUT_RETURN_TYPE = YES_ERROR;
				GCC_WARN_UNDECLARED_SELECTOR = YES;
				GCC_WARN_UNINITIALIZED_AUTOS = YES_AGGRESSIVE;
				GCC_WARN_UNUSED_FUNCTION = YES;
				GCC_WARN_UNUSED_VARIABLE = YES;
				IPHONEOS_DEPLOYMENT_TARGET = 12.4;
				MTL_ENABLE_DEBUG_INFO = NO;
				MTL_FAST_MATH = YES;
				SDKROOT = iphoneos;
				SWIFT_COMPILATION_MODE = wholemodule;
				SWIFT_OPTIMIZATION_LEVEL = "-O";
				VALIDATE_PRODUCT = YES;
			};
			name = Release;
		};
		3AA2B691231EEDC700C5ACE3 /* Debug */ = {
			isa = XCBuildConfiguration;
			buildSettings = {
				ASSETCATALOG_COMPILER_APPICON_NAME = AppIcon;
				CODE_SIGN_STYLE = Automatic;
				DEVELOPMENT_TEAM = BHJSDBBPS7;
				INFOPLIST_FILE = ConcurrencyLab/Info.plist;
				LD_RUNPATH_SEARCH_PATHS = (
					"$(inherited)",
					"@executable_path/Frameworks",
				);
				PRODUCT_BUNDLE_IDENTIFIER = pursuit.ConcurrencyLab;
				PRODUCT_NAME = "$(TARGET_NAME)";
				SWIFT_VERSION = 5.0;
				TARGETED_DEVICE_FAMILY = "1,2";
			};
			name = Debug;
		};
		3AA2B692231EEDC700C5ACE3 /* Release */ = {
			isa = XCBuildConfiguration;
			buildSettings = {
				ASSETCATALOG_COMPILER_APPICON_NAME = AppIcon;
				CODE_SIGN_STYLE = Automatic;
				DEVELOPMENT_TEAM = BHJSDBBPS7;
				INFOPLIST_FILE = ConcurrencyLab/Info.plist;
				LD_RUNPATH_SEARCH_PATHS = (
					"$(inherited)",
					"@executable_path/Frameworks",
				);
				PRODUCT_BUNDLE_IDENTIFIER = pursuit.ConcurrencyLab;
				PRODUCT_NAME = "$(TARGET_NAME)";
				SWIFT_VERSION = 5.0;
				TARGETED_DEVICE_FAMILY = "1,2";
			};
			name = Release;
		};
		3AA2B694231EEDC700C5ACE3 /* Debug */ = {
			isa = XCBuildConfiguration;
			buildSettings = {
				ALWAYS_EMBED_SWIFT_STANDARD_LIBRARIES = YES;
				BUNDLE_LOADER = "$(TEST_HOST)";
				CODE_SIGN_STYLE = Automatic;
				DEVELOPMENT_TEAM = BHJSDBBPS7;
				INFOPLIST_FILE = ConcurrencyLabTests/Info.plist;
				LD_RUNPATH_SEARCH_PATHS = (
					"$(inherited)",
					"@executable_path/Frameworks",
					"@loader_path/Frameworks",
				);
				PRODUCT_BUNDLE_IDENTIFIER = pursuit.ConcurrencyLabTests;
				PRODUCT_NAME = "$(TARGET_NAME)";
				SWIFT_VERSION = 5.0;
				TARGETED_DEVICE_FAMILY = "1,2";
				TEST_HOST = "$(BUILT_PRODUCTS_DIR)/ConcurrencyLab.app/ConcurrencyLab";
			};
			name = Debug;
		};
		3AA2B695231EEDC700C5ACE3 /* Release */ = {
			isa = XCBuildConfiguration;
			buildSettings = {
				ALWAYS_EMBED_SWIFT_STANDARD_LIBRARIES = YES;
				BUNDLE_LOADER = "$(TEST_HOST)";
				CODE_SIGN_STYLE = Automatic;
				DEVELOPMENT_TEAM = BHJSDBBPS7;
				INFOPLIST_FILE = ConcurrencyLabTests/Info.plist;
				LD_RUNPATH_SEARCH_PATHS = (
					"$(inherited)",
					"@executable_path/Frameworks",
					"@loader_path/Frameworks",
				);
				PRODUCT_BUNDLE_IDENTIFIER = pursuit.ConcurrencyLabTests;
				PRODUCT_NAME = "$(TARGET_NAME)";
				SWIFT_VERSION = 5.0;
				TARGETED_DEVICE_FAMILY = "1,2";
				TEST_HOST = "$(BUILT_PRODUCTS_DIR)/ConcurrencyLab.app/ConcurrencyLab";
			};
			name = Release;
		};
		3AA2B697231EEDC700C5ACE3 /* Debug */ = {
			isa = XCBuildConfiguration;
			buildSettings = {
				ALWAYS_EMBED_SWIFT_STANDARD_LIBRARIES = YES;
				CODE_SIGN_STYLE = Automatic;
				DEVELOPMENT_TEAM = BHJSDBBPS7;
				INFOPLIST_FILE = ConcurrencyLabUITests/Info.plist;
				LD_RUNPATH_SEARCH_PATHS = (
					"$(inherited)",
					"@executable_path/Frameworks",
					"@loader_path/Frameworks",
				);
				PRODUCT_BUNDLE_IDENTIFIER = pursuit.ConcurrencyLabUITests;
				PRODUCT_NAME = "$(TARGET_NAME)";
				SWIFT_VERSION = 5.0;
				TARGETED_DEVICE_FAMILY = "1,2";
				TEST_TARGET_NAME = ConcurrencyLab;
			};
			name = Debug;
		};
		3AA2B698231EEDC700C5ACE3 /* Release */ = {
			isa = XCBuildConfiguration;
			buildSettings = {
				ALWAYS_EMBED_SWIFT_STANDARD_LIBRARIES = YES;
				CODE_SIGN_STYLE = Automatic;
				DEVELOPMENT_TEAM = BHJSDBBPS7;
				INFOPLIST_FILE = ConcurrencyLabUITests/Info.plist;
				LD_RUNPATH_SEARCH_PATHS = (
					"$(inherited)",
					"@executable_path/Frameworks",
					"@loader_path/Frameworks",
				);
				PRODUCT_BUNDLE_IDENTIFIER = pursuit.ConcurrencyLabUITests;
				PRODUCT_NAME = "$(TARGET_NAME)";
				SWIFT_VERSION = 5.0;
				TARGETED_DEVICE_FAMILY = "1,2";
				TEST_TARGET_NAME = ConcurrencyLab;
			};
			name = Release;
		};
/* End XCBuildConfiguration section */

/* Begin XCConfigurationList section */
		3AA2B663231EEDC600C5ACE3 /* Build configuration list for PBXProject "ConcurrencyLab" */ = {
			isa = XCConfigurationList;
			buildConfigurations = (
				3AA2B68E231EEDC700C5ACE3 /* Debug */,
				3AA2B68F231EEDC700C5ACE3 /* Release */,
			);
			defaultConfigurationIsVisible = 0;
			defaultConfigurationName = Release;
		};
		3AA2B690231EEDC700C5ACE3 /* Build configuration list for PBXNativeTarget "ConcurrencyLab" */ = {
			isa = XCConfigurationList;
			buildConfigurations = (
				3AA2B691231EEDC700C5ACE3 /* Debug */,
				3AA2B692231EEDC700C5ACE3 /* Release */,
			);
			defaultConfigurationIsVisible = 0;
			defaultConfigurationName = Release;
		};
		3AA2B693231EEDC700C5ACE3 /* Build configuration list for PBXNativeTarget "ConcurrencyLabTests" */ = {
			isa = XCConfigurationList;
			buildConfigurations = (
				3AA2B694231EEDC700C5ACE3 /* Debug */,
				3AA2B695231EEDC700C5ACE3 /* Release */,
			);
			defaultConfigurationIsVisible = 0;
			defaultConfigurationName = Release;
		};
		3AA2B696231EEDC700C5ACE3 /* Build configuration list for PBXNativeTarget "ConcurrencyLabUITests" */ = {
			isa = XCConfigurationList;
			buildConfigurations = (
				3AA2B697231EEDC700C5ACE3 /* Debug */,
				3AA2B698231EEDC700C5ACE3 /* Release */,
			);
			defaultConfigurationIsVisible = 0;
			defaultConfigurationName = Release;
		};
/* End XCConfigurationList section */
	};
	rootObject = 3AA2B660231EEDC600C5ACE3 /* Project object */;
}
